
Microsoft Visual Studio Solution File, Format Version 12.00
# Visual Studio Version 17
VisualStudioVersion = 17.7.34202.233
MinimumVisualStudioVersion = 10.0.40219.1
Project("{9A19103F-16F7-4668-BE54-9A1E7A4F7556}") = "RomanNumeralsBusinessLogic", "RomanNumeralsBusinessLogic\RomanNumeralsBusinessLogic.csproj", "{750383F9-1B9F-453F-AAEF-0760F229058E}"
EndProject
Project("{9A19103F-16F7-4668-BE54-9A1E7A4F7556}") = "RomanNumeralsTest", "RomanNumeralsTest\RomanNumeralsTest.csproj", "{FC8EAA34-0F58-403F-86BE-657157646E99}"
EndProject
Project("{9A19103F-16F7-4668-BE54-9A1E7A4F7556}") = "RomanNumeralsService", "RomanNumeralsService\RomanNumeralsService.csproj", "{0FB9D28C-4168-48B6-8BFB-D5C30085BF92}"
EndProject
Global
	GlobalSection(SolutionConfigurationPlatforms) = preSolution
		Debug|Any CPU = Debug|Any CPU
		Release|Any CPU = Release|Any CPU
	EndGlobalSection
	GlobalSection(ProjectConfigurationPlatforms) = postSolution
		{750383F9-1B9F-453F-AAEF-0760F229058E}.Debug|Any CPU.ActiveCfg = Debug|Any CPU
		{750383F9-1B9F-453F-AAEF-0760F229058E}.Debug|Any CPU.Build.0 = Debug|Any CPU
		{750383F9-1B9F-453F-AAEF-0760F229058E}.Release|Any CPU.ActiveCfg = Release|Any CPU
		{750383F9-1B9F-453F-AAEF-0760F229058E}.Release|Any CPU.Build.0 = Release|Any CPU
		{FC8EAA34-0F58-403F-86BE-657157646E99}.Debug|Any CPU.ActiveCfg = Debug|Any CPU
		{FC8EAA34-0F58-403F-86BE-657157646E99}.Debug|Any CPU.Build.0 = Debug|Any CPU
		{FC8EAA34-0F58-403F-86BE-657157646E99}.Release|Any CPU.ActiveCfg = Release|Any CPU
		{FC8EAA34-0F58-403F-86BE-657157646E99}.Release|Any CPU.Build.0 = Release|Any CPU
		{0FB9D28C-4168-48B6-8BFB-D5C30085BF92}.Debug|Any CPU.ActiveCfg = Debug|Any CPU
		{0FB9D28C-4168-48B6-8BFB-D5C30085BF92}.Debug|Any CPU.Build.0 = Debug|Any CPU
		{0FB9D28C-4168-48B6-8BFB-D5C30085BF92}.Release|Any CPU.ActiveCfg = Release|Any CPU
		{0FB9D28C-4168-48B6-8BFB-D5C30085BF92}.Release|Any CPU.Build.0 = Release|Any CPU
	EndGlobalSection
	GlobalSection(SolutionProperties) = preSolution
		HideSolutionNode = FALSE
	EndGlobalSection
	GlobalSection(ExtensibilityGlobals) = postSolution
		SolutionGuid = {334A0B26-EA42-418A-A5C2-8FE5D2AB81F2}
	EndGlobalSection
EndGlobal
